// !$*UTF8*$!
{
	archiveVersion = 1;
	classes = {
	};
	objectVersion = 55;
	objects = {

/* Begin PBXBuildFile section */
		0C08D9D3294DAE2700F7A680 /* AppDelegate.swift in Sources */ = {isa = PBXBuildFile; fileRef = 0C08D9D2294DAE2700F7A680 /* AppDelegate.swift */; };
		0C08D9D5294DAE2700F7A680 /* SceneDelegate.swift in Sources */ = {isa = PBXBuildFile; fileRef = 0C08D9D4294DAE2700F7A680 /* SceneDelegate.swift */; };
		0C08D9D7294DAE2700F7A680 /* LoginViewController.swift in Sources */ = {isa = PBXBuildFile; fileRef = 0C08D9D6294DAE2700F7A680 /* LoginViewController.swift */; };
		0C08D9DA294DAE2700F7A680 /* Main.storyboard in Resources */ = {isa = PBXBuildFile; fileRef = 0C08D9D8294DAE2700F7A680 /* Main.storyboard */; };
		0C08D9DC294DAE2B00F7A680 /* Assets.xcassets in Resources */ = {isa = PBXBuildFile; fileRef = 0C08D9DB294DAE2B00F7A680 /* Assets.xcassets */; };
		0C08D9DF294DAE2B00F7A680 /* LaunchScreen.storyboard in Resources */ = {isa = PBXBuildFile; fileRef = 0C08D9DD294DAE2B00F7A680 /* LaunchScreen.storyboard */; };
		0C08D9EA294DAE2B00F7A680 /* Firebase_DemoUmayTests.swift in Sources */ = {isa = PBXBuildFile; fileRef = 0C08D9E9294DAE2B00F7A680 /* Firebase_DemoUmayTests.swift */; };
		0C08D9F4294DAE2B00F7A680 /* Firebase_DemoUmayUITests.swift in Sources */ = {isa = PBXBuildFile; fileRef = 0C08D9F3294DAE2B00F7A680 /* Firebase_DemoUmayUITests.swift */; };
		0C08D9F6294DAE2B00F7A680 /* Firebase_DemoUmayUITestsLaunchTests.swift in Sources */ = {isa = PBXBuildFile; fileRef = 0C08D9F5294DAE2B00F7A680 /* Firebase_DemoUmayUITestsLaunchTests.swift */; };
		0C08DA03294DC1A400F7A680 /* GoogleService-Info.plist in Resources */ = {isa = PBXBuildFile; fileRef = 0C08DA02294DC1A400F7A680 /* GoogleService-Info.plist */; };
		0C08DA06294DC84200F7A680 /* FirebaseAnalytics in Frameworks */ = {isa = PBXBuildFile; productRef = 0C08DA05294DC84200F7A680 /* FirebaseAnalytics */; };
		0C08DA08294DC84200F7A680 /* FirebaseAuth in Frameworks */ = {isa = PBXBuildFile; productRef = 0C08DA07294DC84200F7A680 /* FirebaseAuth */; };
		0C08DA0A294DC84200F7A680 /* FirebaseFirestore in Frameworks */ = {isa = PBXBuildFile; productRef = 0C08DA09294DC84200F7A680 /* FirebaseFirestore */; };
		0C08DA0C294DC84200F7A680 /* FirebaseFirestoreSwift in Frameworks */ = {isa = PBXBuildFile; productRef = 0C08DA0B294DC84200F7A680 /* FirebaseFirestoreSwift */; };
		0C08DA0E294DC84200F7A680 /* FirebaseStorage in Frameworks */ = {isa = PBXBuildFile; productRef = 0C08DA0D294DC84200F7A680 /* FirebaseStorage */; };
		0C08DA15294DD5C100F7A680 /* GradientView.swift in Sources */ = {isa = PBXBuildFile; fileRef = 0C08DA14294DD5C100F7A680 /* GradientView.swift */; };
		0C08DA17294DD5E300F7A680 /* DesignableView.swift in Sources */ = {isa = PBXBuildFile; fileRef = 0C08DA16294DD5E300F7A680 /* DesignableView.swift */; };
		0C9B0198294FBE5E00126FC2 /* TabBarController.swift in Sources */ = {isa = PBXBuildFile; fileRef = 0C9B0197294FBE5E00126FC2 /* TabBarController.swift */; };
		0C9B019A294FBE8700126FC2 /* TabBarView.swift in Sources */ = {isa = PBXBuildFile; fileRef = 0C9B0199294FBE8700126FC2 /* TabBarView.swift */; };
		0C9B019C294FBF8D00126FC2 /* ItemFeedViewController.swift in Sources */ = {isa = PBXBuildFile; fileRef = 0C9B019B294FBF8D00126FC2 /* ItemFeedViewController.swift */; };
		0C9B019E294FBFA400126FC2 /* SellItemViewController.swift in Sources */ = {isa = PBXBuildFile; fileRef = 0C9B019D294FBFA400126FC2 /* SellItemViewController.swift */; };
		0C9B01A0294FBFC600126FC2 /* ProfileViewController.swift in Sources */ = {isa = PBXBuildFile; fileRef = 0C9B019F294FBFC600126FC2 /* ProfileViewController.swift */; };
		0C9B01A2294FBFDF00126FC2 /* CreateItemViewController.swift in Sources */ = {isa = PBXBuildFile; fileRef = 0C9B01A1294FBFDF00126FC2 /* CreateItemViewController.swift */; };
		0C9B01A4294FC09B00126FC2 /* UIViewController+Navigation.swift in Sources */ = {isa = PBXBuildFile; fileRef = 0C9B01A3294FC09B00126FC2 /* UIViewController+Navigation.swift */; };
		0C9B01A6294FCF0000126FC2 /* ProfileViewController.xib in Resources */ = {isa = PBXBuildFile; fileRef = 0C9B01A5294FCF0000126FC2 /* ProfileViewController.xib */; };
		0C9B01A8294FD71900126FC2 /* UIViewController+Alerts.swift in Sources */ = {isa = PBXBuildFile; fileRef = 0C9B01A7294FD71900126FC2 /* UIViewController+Alerts.swift */; };
		0C9DDBEC29502A9800245926 /* ItemFeedViewController.xib in Resources */ = {isa = PBXBuildFile; fileRef = 0C9DDBEB29502A9800245926 /* ItemFeedViewController.xib */; };
		0C9DDBEE29502AAC00245926 /* SellItemViewController.xib in Resources */ = {isa = PBXBuildFile; fileRef = 0C9DDBED29502AAC00245926 /* SellItemViewController.xib */; };
		0CAA98A1294ECDF500086C23 /* LoginInterface.swift in Sources */ = {isa = PBXBuildFile; fileRef = 0CAA98A0294ECDF500086C23 /* LoginInterface.swift */; };
		0CAA98A3294ECE0900086C23 /* LoginInterface.xib in Resources */ = {isa = PBXBuildFile; fileRef = 0CAA98A2294ECE0900086C23 /* LoginInterface.xib */; };
		0CAA98A6294ED0F800086C23 /* UITextField+Extension.swift in Sources */ = {isa = PBXBuildFile; fileRef = 0CAA98A5294ED0F800086C23 /* UITextField+Extension.swift */; };
		0CAA98A8294ED3BA00086C23 /* Signup.swift in Sources */ = {isa = PBXBuildFile; fileRef = 0CAA98A7294ED3BA00086C23 /* Signup.swift */; };
		0CAA98AA294ED3D100086C23 /* Signup.xib in Resources */ = {isa = PBXBuildFile; fileRef = 0CAA98A9294ED3D100086C23 /* Signup.xib */; };
		0CB4AC9A294E355700ECDE4B /* AuthenticationSession.swift in Sources */ = {isa = PBXBuildFile; fileRef = 0CB4AC99294E355700ECDE4B /* AuthenticationSession.swift */; };
/* End PBXBuildFile section */

/* Begin PBXContainerItemProxy section */
		0C08D9E6294DAE2B00F7A680 /* PBXContainerItemProxy */ = {
			isa = PBXContainerItemProxy;
			containerPortal = 0C08D9C7294DAE2700F7A680 /* Project object */;
			proxyType = 1;
			remoteGlobalIDString = 0C08D9CE294DAE2700F7A680;
			remoteInfo = "Firebase-DemoUmay";
		};
		0C08D9F0294DAE2B00F7A680 /* PBXContainerItemProxy */ = {
			isa = PBXContainerItemProxy;
			containerPortal = 0C08D9C7294DAE2700F7A680 /* Project object */;
			proxyType = 1;
			remoteGlobalIDString = 0C08D9CE294DAE2700F7A680;
			remoteInfo = "Firebase-DemoUmay";
		};
/* End PBXContainerItemProxy section */

/* Begin PBXFileReference section */
		0C08D9CF294DAE2700F7A680 /* Firebase-DemoUmay.app */ = {isa = PBXFileReference; explicitFileType = wrapper.application; includeInIndex = 0; path = "Firebase-DemoUmay.app"; sourceTree = BUILT_PRODUCTS_DIR; };
		0C08D9D2294DAE2700F7A680 /* AppDelegate.swift */ = {isa = PBXFileReference; lastKnownFileType = sourcecode.swift; path = AppDelegate.swift; sourceTree = "<group>"; };
		0C08D9D4294DAE2700F7A680 /* SceneDelegate.swift */ = {isa = PBXFileReference; lastKnownFileType = sourcecode.swift; path = SceneDelegate.swift; sourceTree = "<group>"; };
		0C08D9D6294DAE2700F7A680 /* LoginViewController.swift */ = {isa = PBXFileReference; lastKnownFileType = sourcecode.swift; name = LoginViewController.swift; path = ../LoginViewController.swift; sourceTree = "<group>"; };
		0C08D9D9294DAE2700F7A680 /* Base */ = {isa = PBXFileReference; lastKnownFileType = file.storyboard; name = Base; path = Base.lproj/Main.storyboard; sourceTree = "<group>"; };
		0C08D9DB294DAE2B00F7A680 /* Assets.xcassets */ = {isa = PBXFileReference; lastKnownFileType = folder.assetcatalog; path = Assets.xcassets; sourceTree = "<group>"; };
		0C08D9DE294DAE2B00F7A680 /* Base */ = {isa = PBXFileReference; lastKnownFileType = file.storyboard; name = Base; path = Base.lproj/LaunchScreen.storyboard; sourceTree = "<group>"; };
		0C08D9E0294DAE2B00F7A680 /* Info.plist */ = {isa = PBXFileReference; lastKnownFileType = text.plist.xml; path = Info.plist; sourceTree = "<group>"; };
		0C08D9E5294DAE2B00F7A680 /* Firebase-DemoUmayTests.xctest */ = {isa = PBXFileReference; explicitFileType = wrapper.cfbundle; includeInIndex = 0; path = "Firebase-DemoUmayTests.xctest"; sourceTree = BUILT_PRODUCTS_DIR; };
		0C08D9E9294DAE2B00F7A680 /* Firebase_DemoUmayTests.swift */ = {isa = PBXFileReference; lastKnownFileType = sourcecode.swift; path = Firebase_DemoUmayTests.swift; sourceTree = "<group>"; };
		0C08D9EF294DAE2B00F7A680 /* Firebase-DemoUmayUITests.xctest */ = {isa = PBXFileReference; explicitFileType = wrapper.cfbundle; includeInIndex = 0; path = "Firebase-DemoUmayUITests.xctest"; sourceTree = BUILT_PRODUCTS_DIR; };
		0C08D9F3294DAE2B00F7A680 /* Firebase_DemoUmayUITests.swift */ = {isa = PBXFileReference; lastKnownFileType = sourcecode.swift; path = Firebase_DemoUmayUITests.swift; sourceTree = "<group>"; };
		0C08D9F5294DAE2B00F7A680 /* Firebase_DemoUmayUITestsLaunchTests.swift */ = {isa = PBXFileReference; lastKnownFileType = sourcecode.swift; path = Firebase_DemoUmayUITestsLaunchTests.swift; sourceTree = "<group>"; };
		0C08DA02294DC1A400F7A680 /* GoogleService-Info.plist */ = {isa = PBXFileReference; fileEncoding = 4; lastKnownFileType = text.plist.xml; path = "GoogleService-Info.plist"; sourceTree = "<group>"; };
		0C08DA14294DD5C100F7A680 /* GradientView.swift */ = {isa = PBXFileReference; lastKnownFileType = sourcecode.swift; path = GradientView.swift; sourceTree = "<group>"; };
		0C08DA16294DD5E300F7A680 /* DesignableView.swift */ = {isa = PBXFileReference; lastKnownFileType = sourcecode.swift; path = DesignableView.swift; sourceTree = "<group>"; };
		0C9B0197294FBE5E00126FC2 /* TabBarController.swift */ = {isa = PBXFileReference; lastKnownFileType = sourcecode.swift; path = TabBarController.swift; sourceTree = "<group>"; };
		0C9B0199294FBE8700126FC2 /* TabBarView.swift */ = {isa = PBXFileReference; lastKnownFileType = sourcecode.swift; path = TabBarView.swift; sourceTree = "<group>"; };
		0C9B019B294FBF8D00126FC2 /* ItemFeedViewController.swift */ = {isa = PBXFileReference; lastKnownFileType = sourcecode.swift; path = ItemFeedViewController.swift; sourceTree = "<group>"; };
		0C9B019D294FBFA400126FC2 /* SellItemViewController.swift */ = {isa = PBXFileReference; lastKnownFileType = sourcecode.swift; path = SellItemViewController.swift; sourceTree = "<group>"; };
		0C9B019F294FBFC600126FC2 /* ProfileViewController.swift */ = {isa = PBXFileReference; lastKnownFileType = sourcecode.swift; path = ProfileViewController.swift; sourceTree = "<group>"; };
		0C9B01A1294FBFDF00126FC2 /* CreateItemViewController.swift */ = {isa = PBXFileReference; lastKnownFileType = sourcecode.swift; path = CreateItemViewController.swift; sourceTree = "<group>"; };
		0C9B01A3294FC09B00126FC2 /* UIViewController+Navigation.swift */ = {isa = PBXFileReference; lastKnownFileType = sourcecode.swift; path = "UIViewController+Navigation.swift"; sourceTree = "<group>"; };
		0C9B01A5294FCF0000126FC2 /* ProfileViewController.xib */ = {isa = PBXFileReference; lastKnownFileType = file.xib; path = ProfileViewController.xib; sourceTree = "<group>"; };
		0C9B01A7294FD71900126FC2 /* UIViewController+Alerts.swift */ = {isa = PBXFileReference; lastKnownFileType = sourcecode.swift; path = "UIViewController+Alerts.swift"; sourceTree = "<group>"; };
		0C9DDBEB29502A9800245926 /* ItemFeedViewController.xib */ = {isa = PBXFileReference; lastKnownFileType = file.xib; path = ItemFeedViewController.xib; sourceTree = "<group>"; };
		0C9DDBED29502AAC00245926 /* SellItemViewController.xib */ = {isa = PBXFileReference; lastKnownFileType = file.xib; path = SellItemViewController.xib; sourceTree = "<group>"; };
		0CAA98A0294ECDF500086C23 /* LoginInterface.swift */ = {isa = PBXFileReference; lastKnownFileType = sourcecode.swift; path = LoginInterface.swift; sourceTree = "<group>"; };
		0CAA98A2294ECE0900086C23 /* LoginInterface.xib */ = {isa = PBXFileReference; lastKnownFileType = file.xib; path = LoginInterface.xib; sourceTree = "<group>"; };
		0CAA98A5294ED0F800086C23 /* UITextField+Extension.swift */ = {isa = PBXFileReference; lastKnownFileType = sourcecode.swift; path = "UITextField+Extension.swift"; sourceTree = "<group>"; };
		0CAA98A7294ED3BA00086C23 /* Signup.swift */ = {isa = PBXFileReference; lastKnownFileType = sourcecode.swift; path = Signup.swift; sourceTree = "<group>"; };
		0CAA98A9294ED3D100086C23 /* Signup.xib */ = {isa = PBXFileReference; lastKnownFileType = file.xib; path = Signup.xib; sourceTree = "<group>"; };
		0CB4AC99294E355700ECDE4B /* AuthenticationSession.swift */ = {isa = PBXFileReference; lastKnownFileType = sourcecode.swift; path = AuthenticationSession.swift; sourceTree = "<group>"; };
/* End PBXFileReference section */

/* Begin PBXFrameworksBuildPhase section */
		0C08D9CC294DAE2700F7A680 /* Frameworks */ = {
			isa = PBXFrameworksBuildPhase;
			buildActionMask = 2147483647;
			files = (
				0C08DA06294DC84200F7A680 /* FirebaseAnalytics in Frameworks */,
				0C08DA08294DC84200F7A680 /* FirebaseAuth in Frameworks */,
				0C08DA0A294DC84200F7A680 /* FirebaseFirestore in Frameworks */,
				0C08DA0E294DC84200F7A680 /* FirebaseStorage in Frameworks */,
				0C08DA0C294DC84200F7A680 /* FirebaseFirestoreSwift in Frameworks */,
			);
			runOnlyForDeploymentPostprocessing = 0;
		};
		0C08D9E2294DAE2B00F7A680 /* Frameworks */ = {
			isa = PBXFrameworksBuildPhase;
			buildActionMask = 2147483647;
			files = (
			);
			runOnlyForDeploymentPostprocessing = 0;
		};
		0C08D9EC294DAE2B00F7A680 /* Frameworks */ = {
			isa = PBXFrameworksBuildPhase;
			buildActionMask = 2147483647;
			files = (
			);
			runOnlyForDeploymentPostprocessing = 0;
		};
/* End PBXFrameworksBuildPhase section */

/* Begin PBXGroup section */
		0C08D9C6294DAE2700F7A680 = {
			isa = PBXGroup;
			children = (
				0C08D9D1294DAE2700F7A680 /* Firebase-DemoUmay */,
				0C08D9E8294DAE2B00F7A680 /* Firebase-DemoUmayTests */,
				0C08D9F2294DAE2B00F7A680 /* Firebase-DemoUmayUITests */,
				0C08D9D0294DAE2700F7A680 /* Products */,
			);
			sourceTree = "<group>";
		};
		0C08D9D0294DAE2700F7A680 /* Products */ = {
			isa = PBXGroup;
			children = (
				0C08D9CF294DAE2700F7A680 /* Firebase-DemoUmay.app */,
				0C08D9E5294DAE2B00F7A680 /* Firebase-DemoUmayTests.xctest */,
				0C08D9EF294DAE2B00F7A680 /* Firebase-DemoUmayUITests.xctest */,
			);
			name = Products;
			sourceTree = "<group>";
		};
		0C08D9D1294DAE2700F7A680 /* Firebase-DemoUmay */ = {
			isa = PBXGroup;
			children = (
				0C08DA11294DD32E00F7A680 /* Firebase Services */,
				0C08DA10294DD32600F7A680 /* View */,
				0C08DA0F294DD31000F7A680 /* Controller */,
				0C08D9D2294DAE2700F7A680 /* AppDelegate.swift */,
				0C08D9D4294DAE2700F7A680 /* SceneDelegate.swift */,
				0C08D9D8294DAE2700F7A680 /* Main.storyboard */,
				0C08D9DB294DAE2B00F7A680 /* Assets.xcassets */,
				0C08D9DD294DAE2B00F7A680 /* LaunchScreen.storyboard */,
				0C08D9E0294DAE2B00F7A680 /* Info.plist */,
				0C08DA02294DC1A400F7A680 /* GoogleService-Info.plist */,
			);
			path = "Firebase-DemoUmay";
			sourceTree = "<group>";
		};
		0C08D9E8294DAE2B00F7A680 /* Firebase-DemoUmayTests */ = {
			isa = PBXGroup;
			children = (
				0C08D9E9294DAE2B00F7A680 /* Firebase_DemoUmayTests.swift */,
			);
			path = "Firebase-DemoUmayTests";
			sourceTree = "<group>";
		};
		0C08D9F2294DAE2B00F7A680 /* Firebase-DemoUmayUITests */ = {
			isa = PBXGroup;
			children = (
				0C08D9F3294DAE2B00F7A680 /* Firebase_DemoUmayUITests.swift */,
				0C08D9F5294DAE2B00F7A680 /* Firebase_DemoUmayUITestsLaunchTests.swift */,
			);
			path = "Firebase-DemoUmayUITests";
			sourceTree = "<group>";
		};
		0C08DA0F294DD31000F7A680 /* Controller */ = {
			isa = PBXGroup;
			children = (
				0C9B0196294FBB0200126FC2 /* MenuUtama */,
				0CAA98A4294ED0D500086C23 /* Login */,
				0C08D9D6294DAE2700F7A680 /* LoginViewController.swift */,
			);
			path = Controller;
			sourceTree = "<group>";
		};
		0C08DA10294DD32600F7A680 /* View */ = {
			isa = PBXGroup;
			children = (
				0C08DA14294DD5C100F7A680 /* GradientView.swift */,
				0C08DA16294DD5E300F7A680 /* DesignableView.swift */,
				0C9B01A5294FCF0000126FC2 /* ProfileViewController.xib */,
				0C9DDBEB29502A9800245926 /* ItemFeedViewController.xib */,
				0C9DDBED29502AAC00245926 /* SellItemViewController.xib */,
			);
			path = View;
			sourceTree = "<group>";
		};
		0C08DA11294DD32E00F7A680 /* Firebase Services */ = {
			isa = PBXGroup;
			children = (
				0CB4AC99294E355700ECDE4B /* AuthenticationSession.swift */,
			);
			path = "Firebase Services";
			sourceTree = "<group>";
		};
		0C9B0196294FBB0200126FC2 /* MenuUtama */ = {
			isa = PBXGroup;
			children = (
				0C9B0199294FBE8700126FC2 /* TabBarView.swift */,
				0C9B0197294FBE5E00126FC2 /* TabBarController.swift */,
				0C9B019B294FBF8D00126FC2 /* ItemFeedViewController.swift */,
				0C9B019D294FBFA400126FC2 /* SellItemViewController.swift */,
				0C9B019F294FBFC600126FC2 /* ProfileViewController.swift */,
				0C9B01A1294FBFDF00126FC2 /* CreateItemViewController.swift */,
				0C9B01A3294FC09B00126FC2 /* UIViewController+Navigation.swift */,
				0C9B01A7294FD71900126FC2 /* UIViewController+Alerts.swift */,
			);
			path = MenuUtama;
			sourceTree = "<group>";
		};
		0CAA98A4294ED0D500086C23 /* Login */ = {
			isa = PBXGroup;
			children = (
				0CAA98A0294ECDF500086C23 /* LoginInterface.swift */,
				0CAA98A2294ECE0900086C23 /* LoginInterface.xib */,
				0CAA98A5294ED0F800086C23 /* UITextField+Extension.swift */,
				0CAA98A7294ED3BA00086C23 /* Signup.swift */,
				0CAA98A9294ED3D100086C23 /* Signup.xib */,
			);
			path = Login;
			sourceTree = "<group>";
		};
/* End PBXGroup section */

/* Begin PBXNativeTarget section */
		0C08D9CE294DAE2700F7A680 /* Firebase-DemoUmay */ = {
			isa = PBXNativeTarget;
			buildConfigurationList = 0C08D9F9294DAE2C00F7A680 /* Build configuration list for PBXNativeTarget "Firebase-DemoUmay" */;
			buildPhases = (
				0C08D9CB294DAE2700F7A680 /* Sources */,
				0C08D9CC294DAE2700F7A680 /* Frameworks */,
				0C08D9CD294DAE2700F7A680 /* Resources */,
			);
			buildRules = (
			);
			dependencies = (
			);
			name = "Firebase-DemoUmay";
			packageProductDependencies = (
				0C08DA05294DC84200F7A680 /* FirebaseAnalytics */,
				0C08DA07294DC84200F7A680 /* FirebaseAuth */,
				0C08DA09294DC84200F7A680 /* FirebaseFirestore */,
				0C08DA0B294DC84200F7A680 /* FirebaseFirestoreSwift */,
				0C08DA0D294DC84200F7A680 /* FirebaseStorage */,
			);
			productName = "Firebase-DemoUmay";
			productReference = 0C08D9CF294DAE2700F7A680 /* Firebase-DemoUmay.app */;
			productType = "com.apple.product-type.application";
		};
		0C08D9E4294DAE2B00F7A680 /* Firebase-DemoUmayTests */ = {
			isa = PBXNativeTarget;
			buildConfigurationList = 0C08D9FC294DAE2C00F7A680 /* Build configuration list for PBXNativeTarget "Firebase-DemoUmayTests" */;
			buildPhases = (
				0C08D9E1294DAE2B00F7A680 /* Sources */,
				0C08D9E2294DAE2B00F7A680 /* Frameworks */,
				0C08D9E3294DAE2B00F7A680 /* Resources */,
			);
			buildRules = (
			);
			dependencies = (
				0C08D9E7294DAE2B00F7A680 /* PBXTargetDependency */,
			);
			name = "Firebase-DemoUmayTests";
			productName = "Firebase-DemoUmayTests";
			productReference = 0C08D9E5294DAE2B00F7A680 /* Firebase-DemoUmayTests.xctest */;
			productType = "com.apple.product-type.bundle.unit-test";
		};
		0C08D9EE294DAE2B00F7A680 /* Firebase-DemoUmayUITests */ = {
			isa = PBXNativeTarget;
			buildConfigurationList = 0C08D9FF294DAE2C00F7A680 /* Build configuration list for PBXNativeTarget "Firebase-DemoUmayUITests" */;
			buildPhases = (
				0C08D9EB294DAE2B00F7A680 /* Sources */,
				0C08D9EC294DAE2B00F7A680 /* Frameworks */,
				0C08D9ED294DAE2B00F7A680 /* Resources */,
			);
			buildRules = (
			);
			dependencies = (
				0C08D9F1294DAE2B00F7A680 /* PBXTargetDependency */,
			);
			name = "Firebase-DemoUmayUITests";
			productName = "Firebase-DemoUmayUITests";
			productReference = 0C08D9EF294DAE2B00F7A680 /* Firebase-DemoUmayUITests.xctest */;
			productType = "com.apple.product-type.bundle.ui-testing";
		};
/* End PBXNativeTarget section */

/* Begin PBXProject section */
		0C08D9C7294DAE2700F7A680 /* Project object */ = {
			isa = PBXProject;
			attributes = {
				BuildIndependentTargetsInParallel = 1;
				LastSwiftUpdateCheck = 1320;
				LastUpgradeCheck = 1320;
				TargetAttributes = {
					0C08D9CE294DAE2700F7A680 = {
						CreatedOnToolsVersion = 13.2.1;
					};
					0C08D9E4294DAE2B00F7A680 = {
						CreatedOnToolsVersion = 13.2.1;
						TestTargetID = 0C08D9CE294DAE2700F7A680;
					};
					0C08D9EE294DAE2B00F7A680 = {
						CreatedOnToolsVersion = 13.2.1;
						TestTargetID = 0C08D9CE294DAE2700F7A680;
					};
				};
			};
			buildConfigurationList = 0C08D9CA294DAE2700F7A680 /* Build configuration list for PBXProject "Firebase-DemoUmay" */;
			compatibilityVersion = "Xcode 13.0";
			developmentRegion = en;
			hasScannedForEncodings = 0;
			knownRegions = (
				en,
				Base,
			);
			mainGroup = 0C08D9C6294DAE2700F7A680;
			packageReferences = (
				0C08DA04294DC84200F7A680 /* XCRemoteSwiftPackageReference "firebase-ios-sdk" */,
			);
			productRefGroup = 0C08D9D0294DAE2700F7A680 /* Products */;
			projectDirPath = "";
			projectRoot = "";
			targets = (
				0C08D9CE294DAE2700F7A680 /* Firebase-DemoUmay */,
				0C08D9E4294DAE2B00F7A680 /* Firebase-DemoUmayTests */,
				0C08D9EE294DAE2B00F7A680 /* Firebase-DemoUmayUITests */,
			);
		};
/* End PBXProject section */

/* Begin PBXResourcesBuildPhase section */
		0C08D9CD294DAE2700F7A680 /* Resources */ = {
			isa = PBXResourcesBuildPhase;
			buildActionMask = 2147483647;
			files = (
				0C9B01A6294FCF0000126FC2 /* ProfileViewController.xib in Resources */,
				0C08D9DF294DAE2B00F7A680 /* LaunchScreen.storyboard in Resources */,
				0CAA98A3294ECE0900086C23 /* LoginInterface.xib in Resources */,
				0C08DA03294DC1A400F7A680 /* GoogleService-Info.plist in Resources */,
				0CAA98AA294ED3D100086C23 /* Signup.xib in Resources */,
				0C9DDBEC29502A9800245926 /* ItemFeedViewController.xib in Resources */,
				0C08D9DC294DAE2B00F7A680 /* Assets.xcassets in Resources */,
				0C08D9DA294DAE2700F7A680 /* Main.storyboard in Resources */,
				0C9DDBEE29502AAC00245926 /* SellItemViewController.xib in Resources */,
			);
			runOnlyForDeploymentPostprocessing = 0;
		};
		0C08D9E3294DAE2B00F7A680 /* Resources */ = {
			isa = PBXResourcesBuildPhase;
			buildActionMask = 2147483647;
			files = (
			);
			runOnlyForDeploymentPostprocessing = 0;
		};
		0C08D9ED294DAE2B00F7A680 /* Resources */ = {
			isa = PBXResourcesBuildPhase;
			buildActionMask = 2147483647;
			files = (
			);
			runOnlyForDeploymentPostprocessing = 0;
		};
/* End PBXResourcesBuildPhase section */

/* Begin PBXSourcesBuildPhase section */
		0C08D9CB294DAE2700F7A680 /* Sources */ = {
			isa = PBXSourcesBuildPhase;
			buildActionMask = 2147483647;
			files = (
				0C08D9D7294DAE2700F7A680 /* LoginViewController.swift in Sources */,
				0C9B019C294FBF8D00126FC2 /* ItemFeedViewController.swift in Sources */,
				0C9B019E294FBFA400126FC2 /* SellItemViewController.swift in Sources */,
				0C9B019A294FBE8700126FC2 /* TabBarView.swift in Sources */,
				0C9B01A0294FBFC600126FC2 /* ProfileViewController.swift in Sources */,
				0CAA98A1294ECDF500086C23 /* LoginInterface.swift in Sources */,
				0C08DA17294DD5E300F7A680 /* DesignableView.swift in Sources */,
				0C9B0198294FBE5E00126FC2 /* TabBarController.swift in Sources */,
				0C08DA15294DD5C100F7A680 /* GradientView.swift in Sources */,
				0C08D9D3294DAE2700F7A680 /* AppDelegate.swift in Sources */,
				0C9B01A2294FBFDF00126FC2 /* CreateItemViewController.swift in Sources */,
				0CAA98A8294ED3BA00086C23 /* Signup.swift in Sources */,
				0C9B01A4294FC09B00126FC2 /* UIViewController+Navigation.swift in Sources */,
				0C9B01A8294FD71900126FC2 /* UIViewController+Alerts.swift in Sources */,
				0CAA98A6294ED0F800086C23 /* UITextField+Extension.swift in Sources */,
				0CB4AC9A294E355700ECDE4B /* AuthenticationSession.swift in Sources */,
				0C08D9D5294DAE2700F7A680 /* SceneDelegate.swift in Sources */,
			);
			runOnlyForDeploymentPostprocessing = 0;
		};
		0C08D9E1294DAE2B00F7A680 /* Sources */ = {
			isa = PBXSourcesBuildPhase;
			buildActionMask = 2147483647;
			files = (
				0C08D9EA294DAE2B00F7A680 /* Firebase_DemoUmayTests.swift in Sources */,
			);
			runOnlyForDeploymentPostprocessing = 0;
		};
		0C08D9EB294DAE2B00F7A680 /* Sources */ = {
			isa = PBXSourcesBuildPhase;
			buildActionMask = 2147483647;
			files = (
				0C08D9F6294DAE2B00F7A680 /* Firebase_DemoUmayUITestsLaunchTests.swift in Sources */,
				0C08D9F4294DAE2B00F7A680 /* Firebase_DemoUmayUITests.swift in Sources */,
			);
			runOnlyForDeploymentPostprocessing = 0;
		};
/* End PBXSourcesBuildPhase section */

/* Begin PBXTargetDependency section */
		0C08D9E7294DAE2B00F7A680 /* PBXTargetDependency */ = {
			isa = PBXTargetDependency;
			target = 0C08D9CE294DAE2700F7A680 /* Firebase-DemoUmay */;
			targetProxy = 0C08D9E6294DAE2B00F7A680 /* PBXContainerItemProxy */;
		};
		0C08D9F1294DAE2B00F7A680 /* PBXTargetDependency */ = {
			isa = PBXTargetDependency;
			target = 0C08D9CE294DAE2700F7A680 /* Firebase-DemoUmay */;
			targetProxy = 0C08D9F0294DAE2B00F7A680 /* PBXContainerItemProxy */;
		};
/* End PBXTargetDependency section */

/* Begin PBXVariantGroup section */
		0C08D9D8294DAE2700F7A680 /* Main.storyboard */ = {
			isa = PBXVariantGroup;
			children = (
				0C08D9D9294DAE2700F7A680 /* Base */,
			);
			name = Main.storyboard;
			sourceTree = "<group>";
		};
		0C08D9DD294DAE2B00F7A680 /* LaunchScreen.storyboard */ = {
			isa = PBXVariantGroup;
			children = (
				0C08D9DE294DAE2B00F7A680 /* Base */,
			);
			name = LaunchScreen.storyboard;
			sourceTree = "<group>";
		};
/* End PBXVariantGroup section */

/* Begin XCBuildConfiguration section */
		0C08D9F7294DAE2C00F7A680 /* Debug */ = {
			isa = XCBuildConfiguration;
			buildSettings = {
				ALWAYS_SEARCH_USER_PATHS = NO;
				CLANG_ANALYZER_NONNULL = YES;
				CLANG_ANALYZER_NUMBER_OBJECT_CONVERSION = YES_AGGRESSIVE;
				CLANG_CXX_LANGUAGE_STANDARD = "gnu++17";
				CLANG_CXX_LIBRARY = "libc++";
				CLANG_ENABLE_MODULES = YES;
				CLANG_ENABLE_OBJC_ARC = YES;
				CLANG_ENABLE_OBJC_WEAK = YES;
				CLANG_WARN_BLOCK_CAPTURE_AUTORELEASING = YES;
				CLANG_WARN_BOOL_CONVERSION = YES;
				CLANG_WARN_COMMA = YES;
				CLANG_WARN_CONSTANT_CONVERSION = YES;
				CLANG_WARN_DEPRECATED_OBJC_IMPLEMENTATIONS = YES;
				CLANG_WARN_DIRECT_OBJC_ISA_USAGE = YES_ERROR;
				CLANG_WARN_DOCUMENTATION_COMMENTS = YES;
				CLANG_WARN_EMPTY_BODY = YES;
				CLANG_WARN_ENUM_CONVERSION = YES;
				CLANG_WARN_INFINITE_RECURSION = YES;
				CLANG_WARN_INT_CONVERSION = YES;
				CLANG_WARN_NON_LITERAL_NULL_CONVERSION = YES;
				CLANG_WARN_OBJC_IMPLICIT_RETAIN_SELF = YES;
				CLANG_WARN_OBJC_LITERAL_CONVERSION = YES;
				CLANG_WARN_OBJC_ROOT_CLASS = YES_ERROR;
				CLANG_WARN_QUOTED_INCLUDE_IN_FRAMEWORK_HEADER = YES;
				CLANG_WARN_RANGE_LOOP_ANALYSIS = YES;
				CLANG_WARN_STRICT_PROTOTYPES = YES;
				CLANG_WARN_SUSPICIOUS_MOVE = YES;
				CLANG_WARN_UNGUARDED_AVAILABILITY = YES_AGGRESSIVE;
				CLANG_WARN_UNREACHABLE_CODE = YES;
				CLANG_WARN__DUPLICATE_METHOD_MATCH = YES;
				COPY_PHASE_STRIP = NO;
				DEBUG_INFORMATION_FORMAT = dwarf;
				ENABLE_STRICT_OBJC_MSGSEND = YES;
				ENABLE_TESTABILITY = YES;
				GCC_C_LANGUAGE_STANDARD = gnu11;
				GCC_DYNAMIC_NO_PIC = NO;
				GCC_NO_COMMON_BLOCKS = YES;
				GCC_OPTIMIZATION_LEVEL = 0;
				GCC_PREPROCESSOR_DEFINITIONS = (
					"DEBUG=1",
					"$(inherited)",
				);
				GCC_WARN_64_TO_32_BIT_CONVERSION = YES;
				GCC_WARN_ABOUT_RETURN_TYPE = YES_ERROR;
				GCC_WARN_UNDECLARED_SELECTOR = YES;
				GCC_WARN_UNINITIALIZED_AUTOS = YES_AGGRESSIVE;
				GCC_WARN_UNUSED_FUNCTION = YES;
				GCC_WARN_UNUSED_VARIABLE = YES;
				IPHONEOS_DEPLOYMENT_TARGET = 15.2;
				MTL_ENABLE_DEBUG_INFO = INCLUDE_SOURCE;
				MTL_FAST_MATH = YES;
				ONLY_ACTIVE_ARCH = YES;
				SDKROOT = iphoneos;
				SWIFT_ACTIVE_COMPILATION_CONDITIONS = DEBUG;
				SWIFT_OPTIMIZATION_LEVEL = "-Onone";
			};
			name = Debug;
		};
		0C08D9F8294DAE2C00F7A680 /* Release */ = {
			isa = XCBuildConfiguration;
			buildSettings = {
				ALWAYS_SEARCH_USER_PATHS = NO;
				CLANG_ANALYZER_NONNULL = YES;
				CLANG_ANALYZER_NUMBER_OBJECT_CONVERSION = YES_AGGRESSIVE;
				CLANG_CXX_LANGUAGE_STANDARD = "gnu++17";
				CLANG_CXX_LIBRARY = "libc++";
				CLANG_ENABLE_MODULES = YES;
				CLANG_ENABLE_OBJC_ARC = YES;
				CLANG_ENABLE_OBJC_WEAK = YES;
				CLANG_WARN_BLOCK_CAPTURE_AUTORELEASING = YES;
				CLANG_WARN_BOOL_CONVERSION = YES;
				CLANG_WARN_COMMA = YES;
				CLANG_WARN_CONSTANT_CONVERSION = YES;
				CLANG_WARN_DEPRECATED_OBJC_IMPLEMENTATIONS = YES;
				CLANG_WARN_DIRECT_OBJC_ISA_USAGE = YES_ERROR;
				CLANG_WARN_DOCUMENTATION_COMMENTS = YES;
				CLANG_WARN_EMPTY_BODY = YES;
				CLANG_WARN_ENUM_CONVERSION = YES;
				CLANG_WARN_INFINITE_RECURSION = YES;
				CLANG_WARN_INT_CONVERSION = YES;
				CLANG_WARN_NON_LITERAL_NULL_CONVERSION = YES;
				CLANG_WARN_OBJC_IMPLICIT_RETAIN_SELF = YES;
				CLANG_WARN_OBJC_LITERAL_CONVERSION = YES;
				CLANG_WARN_OBJC_ROOT_CLASS = YES_ERROR;
				CLANG_WARN_QUOTED_INCLUDE_IN_FRAMEWORK_HEADER = YES;
				CLANG_WARN_RANGE_LOOP_ANALYSIS = YES;
				CLANG_WARN_STRICT_PROTOTYPES = YES;
				CLANG_WARN_SUSPICIOUS_MOVE = YES;
				CLANG_WARN_UNGUARDED_AVAILABILITY = YES_AGGRESSIVE;
				CLANG_WARN_UNREACHABLE_CODE = YES;
				CLANG_WARN__DUPLICATE_METHOD_MATCH = YES;
				COPY_PHASE_STRIP = NO;
				DEBUG_INFORMATION_FORMAT = "dwarf-with-dsym";
				ENABLE_NS_ASSERTIONS = NO;
				ENABLE_STRICT_OBJC_MSGSEND = YES;
				GCC_C_LANGUAGE_STANDARD = gnu11;
				GCC_NO_COMMON_BLOCKS = YES;
				GCC_WARN_64_TO_32_BIT_CONVERSION = YES;
				GCC_WARN_ABOUT_RETURN_TYPE = YES_ERROR;
				GCC_WARN_UNDECLARED_SELECTOR = YES;
				GCC_WARN_UNINITIALIZED_AUTOS = YES_AGGRESSIVE;
				GCC_WARN_UNUSED_FUNCTION = YES;
				GCC_WARN_UNUSED_VARIABLE = YES;
				IPHONEOS_DEPLOYMENT_TARGET = 15.2;
				MTL_ENABLE_DEBUG_INFO = NO;
				MTL_FAST_MATH = YES;
				SDKROOT = iphoneos;
				SWIFT_COMPILATION_MODE = wholemodule;
				SWIFT_OPTIMIZATION_LEVEL = "-O";
				VALIDATE_PRODUCT = YES;
			};
			name = Release;
		};
		0C08D9FA294DAE2C00F7A680 /* Debug */ = {
			isa = XCBuildConfiguration;
			buildSettings = {
				ASSETCATALOG_COMPILER_APPICON_NAME = AppIcon;
				ASSETCATALOG_COMPILER_GLOBAL_ACCENT_COLOR_NAME = AccentColor;
				CODE_SIGN_STYLE = Automatic;
				CURRENT_PROJECT_VERSION = 1;
				DEVELOPMENT_TEAM = 9KL8WYQ7FW;
				GENERATE_INFOPLIST_FILE = YES;
				INFOPLIST_FILE = "Firebase-DemoUmay/Info.plist";
				INFOPLIST_KEY_CFBundleDisplayName = "Firebase-DemoUmay";
				INFOPLIST_KEY_UIApplicationSupportsIndirectInputEvents = YES;
				INFOPLIST_KEY_UILaunchStoryboardName = LaunchScreen;
				INFOPLIST_KEY_UIMainStoryboardFile = Main;
				INFOPLIST_KEY_UISupportedInterfaceOrientations_iPad = "UIInterfaceOrientationPortrait UIInterfaceOrientationPortraitUpsideDown UIInterfaceOrientationLandscapeLeft UIInterfaceOrientationLandscapeRight";
				INFOPLIST_KEY_UISupportedInterfaceOrientations_iPhone = "UIInterfaceOrientationPortrait UIInterfaceOrientationLandscapeLeft UIInterfaceOrientationLandscapeRight";
				LD_RUNPATH_SEARCH_PATHS = (
					"$(inherited)",
					"@executable_path/Frameworks",
				);
				MARKETING_VERSION = 1.0;
				PRODUCT_BUNDLE_IDENTIFIER = "com.umaylab.Firebase-DemoUmay";
				PRODUCT_NAME = "$(TARGET_NAME)";
				SWIFT_EMIT_LOC_STRINGS = YES;
				SWIFT_VERSION = 5.0;
				TARGETED_DEVICE_FAMILY = "1,2";
			};
			name = Debug;
		};
		0C08D9FB294DAE2C00F7A680 /* Release */ = {
			isa = XCBuildConfiguration;
			buildSettings = {
				ASSETCATALOG_COMPILER_APPICON_NAME = AppIcon;
				ASSETCATALOG_COMPILER_GLOBAL_ACCENT_COLOR_NAME = AccentColor;
				CODE_SIGN_STYLE = Automatic;
				CURRENT_PROJECT_VERSION = 1;
				DEVELOPMENT_TEAM = 9KL8WYQ7FW;
				GENERATE_INFOPLIST_FILE = YES;
				INFOPLIST_FILE = "Firebase-DemoUmay/Info.plist";
				INFOPLIST_KEY_CFBundleDisplayName = "Firebase-DemoUmay";
				INFOPLIST_KEY_UIApplicationSupportsIndirectInputEvents = YES;
				INFOPLIST_KEY_UILaunchStoryboardName = LaunchScreen;
				INFOPLIST_KEY_UIMainStoryboardFile = Main;
				INFOPLIST_KEY_UISupportedInterfaceOrientations_iPad = "UIInterfaceOrientationPortrait UIInterfaceOrientationPortraitUpsideDown UIInterfaceOrientationLandscapeLeft UIInterfaceOrientationLandscapeRight";
				INFOPLIST_KEY_UISupportedInterfaceOrientations_iPhone = "UIInterfaceOrientationPortrait UIInterfaceOrientationLandscapeLeft UIInterfaceOrientationLandscapeRight";
				LD_RUNPATH_SEARCH_PATHS = (
					"$(inherited)",
					"@executable_path/Frameworks",
				);
				MARKETING_VERSION = 1.0;
				PRODUCT_BUNDLE_IDENTIFIER = "com.umaylab.Firebase-DemoUmay";
				PRODUCT_NAME = "$(TARGET_NAME)";
				SWIFT_EMIT_LOC_STRINGS = YES;
				SWIFT_VERSION = 5.0;
				TARGETED_DEVICE_FAMILY = "1,2";
			};
			name = Release;
		};
		0C08D9FD294DAE2C00F7A680 /* Debug */ = {
			isa = XCBuildConfiguration;
			buildSettings = {
				ALWAYS_EMBED_SWIFT_STANDARD_LIBRARIES = YES;
				BUNDLE_LOADER = "$(TEST_HOST)";
				CODE_SIGN_STYLE = Automatic;
				CURRENT_PROJECT_VERSION = 1;
				DEVELOPMENT_TEAM = 9KL8WYQ7FW;
				GENERATE_INFOPLIST_FILE = YES;
				IPHONEOS_DEPLOYMENT_TARGET = 15.2;
				MARKETING_VERSION = 1.0;
				PRODUCT_BUNDLE_IDENTIFIER = "com.umaylab.Firebase-DemoUmayTests";
				PRODUCT_NAME = "$(TARGET_NAME)";
				SWIFT_EMIT_LOC_STRINGS = NO;
				SWIFT_VERSION = 5.0;
				TARGETED_DEVICE_FAMILY = "1,2";
				TEST_HOST = "$(BUILT_PRODUCTS_DIR)/Firebase-DemoUmay.app/Firebase-DemoUmay";
			};
			name = Debug;
		};
		0C08D9FE294DAE2C00F7A680 /* Release */ = {
			isa = XCBuildConfiguration;
			buildSettings = {
				ALWAYS_EMBED_SWIFT_STANDARD_LIBRARIES = YES;
				BUNDLE_LOADER = "$(TEST_HOST)";
				CODE_SIGN_STYLE = Automatic;
				CURRENT_PROJECT_VERSION = 1;
				DEVELOPMENT_TEAM = 9KL8WYQ7FW;
				GENERATE_INFOPLIST_FILE = YES;
				IPHONEOS_DEPLOYMENT_TARGET = 15.2;
				MARKETING_VERSION = 1.0;
				PRODUCT_BUNDLE_IDENTIFIER = "com.umaylab.Firebase-DemoUmayTests";
				PRODUCT_NAME = "$(TARGET_NAME)";
				SWIFT_EMIT_LOC_STRINGS = NO;
				SWIFT_VERSION = 5.0;
				TARGETED_DEVICE_FAMILY = "1,2";
				TEST_HOST = "$(BUILT_PRODUCTS_DIR)/Firebase-DemoUmay.app/Firebase-DemoUmay";
			};
			name = Release;
		};
		0C08DA00294DAE2C00F7A680 /* Debug */ = {
			isa = XCBuildConfiguration;
			buildSettings = {
				ALWAYS_EMBED_SWIFT_STANDARD_LIBRARIES = YES;
				CODE_SIGN_STYLE = Automatic;
				CURRENT_PROJECT_VERSION = 1;
				DEVELOPMENT_TEAM = 9KL8WYQ7FW;
				GENERATE_INFOPLIST_FILE = YES;
				MARKETING_VERSION = 1.0;
				PRODUCT_BUNDLE_IDENTIFIER = "com.umaylab.Firebase-DemoUmayUITests";
				PRODUCT_NAME = "$(TARGET_NAME)";
				SWIFT_EMIT_LOC_STRINGS = NO;
				SWIFT_VERSION = 5.0;
				TARGETED_DEVICE_FAMILY = "1,2";
				TEST_TARGET_NAME = "Firebase-DemoUmay";
			};
			name = Debug;
		};
		0C08DA01294DAE2C00F7A680 /* Release */ = {
			isa = XCBuildConfiguration;
			buildSettings = {
				ALWAYS_EMBED_SWIFT_STANDARD_LIBRARIES = YES;
				CODE_SIGN_STYLE = Automatic;
				CURRENT_PROJECT_VERSION = 1;
				DEVELOPMENT_TEAM = 9KL8WYQ7FW;
				GENERATE_INFOPLIST_FILE = YES;
				MARKETING_VERSION = 1.0;
				PRODUCT_BUNDLE_IDENTIFIER = "com.umaylab.Firebase-DemoUmayUITests";
				PRODUCT_NAME = "$(TARGET_NAME)";
				SWIFT_EMIT_LOC_STRINGS = NO;
				SWIFT_VERSION = 5.0;
				TARGETED_DEVICE_FAMILY = "1,2";
				TEST_TARGET_NAME = "Firebase-DemoUmay";
			};
			name = Release;
		};
/* End XCBuildConfiguration section */

/* Begin XCConfigurationList section */
		0C08D9CA294DAE2700F7A680 /* Build configuration list for PBXProject "Firebase-DemoUmay" */ = {
			isa = XCConfigurationList;
			buildConfigurations = (
				0C08D9F7294DAE2C00F7A680 /* Debug */,
				0C08D9F8294DAE2C00F7A680 /* Release */,
			);
			defaultConfigurationIsVisible = 0;
			defaultConfigurationName = Release;
		};
		0C08D9F9294DAE2C00F7A680 /* Build configuration list for PBXNativeTarget "Firebase-DemoUmay" */ = {
			isa = XCConfigurationList;
			buildConfigurations = (
				0C08D9FA294DAE2C00F7A680 /* Debug */,
				0C08D9FB294DAE2C00F7A680 /* Release */,
			);
			defaultConfigurationIsVisible = 0;
			defaultConfigurationName = Release;
		};
		0C08D9FC294DAE2C00F7A680 /* Build configuration list for PBXNativeTarget "Firebase-DemoUmayTests" */ = {
			isa = XCConfigurationList;
			buildConfigurations = (
				0C08D9FD294DAE2C00F7A680 /* Debug */,
				0C08D9FE294DAE2C00F7A680 /* Release */,
			);
			defaultConfigurationIsVisible = 0;
			defaultConfigurationName = Release;
		};
		0C08D9FF294DAE2C00F7A680 /* Build configuration list for PBXNativeTarget "Firebase-DemoUmayUITests" */ = {
			isa = XCConfigurationList;
			buildConfigurations = (
				0C08DA00294DAE2C00F7A680 /* Debug */,
				0C08DA01294DAE2C00F7A680 /* Release */,
			);
			defaultConfigurationIsVisible = 0;
			defaultConfigurationName = Release;
		};
/* End XCConfigurationList section */

/* Begin XCRemoteSwiftPackageReference section */
		0C08DA04294DC84200F7A680 /* XCRemoteSwiftPackageReference "firebase-ios-sdk" */ = {
			isa = XCRemoteSwiftPackageReference;
			repositoryURL = "https://github.com/firebase/firebase-ios-sdk";
			requirement = {
				kind = upToNextMajorVersion;
				minimumVersion = 9.0.0;
			};
		};
/* End XCRemoteSwiftPackageReference section */

/* Begin XCSwiftPackageProductDependency section */
		0C08DA05294DC84200F7A680 /* FirebaseAnalytics */ = {
			isa = XCSwiftPackageProductDependency;
			package = 0C08DA04294DC84200F7A680 /* XCRemoteSwiftPackageReference "firebase-ios-sdk" */;
			productName = FirebaseAnalytics;
		};
		0C08DA07294DC84200F7A680 /* FirebaseAuth */ = {
			isa = XCSwiftPackageProductDependency;
			package = 0C08DA04294DC84200F7A680 /* XCRemoteSwiftPackageReference "firebase-ios-sdk" */;
			productName = FirebaseAuth;
		};
		0C08DA09294DC84200F7A680 /* FirebaseFirestore */ = {
			isa = XCSwiftPackageProductDependency;
			package = 0C08DA04294DC84200F7A680 /* XCRemoteSwiftPackageReference "firebase-ios-sdk" */;
			productName = FirebaseFirestore;
		};
		0C08DA0B294DC84200F7A680 /* FirebaseFirestoreSwift */ = {
			isa = XCSwiftPackageProductDependency;
			package = 0C08DA04294DC84200F7A680 /* XCRemoteSwiftPackageReference "firebase-ios-sdk" */;
			productName = FirebaseFirestoreSwift;
		};
		0C08DA0D294DC84200F7A680 /* FirebaseStorage */ = {
			isa = XCSwiftPackageProductDependency;
			package = 0C08DA04294DC84200F7A680 /* XCRemoteSwiftPackageReference "firebase-ios-sdk" */;
			productName = FirebaseStorage;
		};
/* End XCSwiftPackageProductDependency section */
	};
	rootObject = 0C08D9C7294DAE2700F7A680 /* Project object */;
}
